
Microsoft Visual Studio Solution File, Format Version 12.00
# Visual Studio Version 17
VisualStudioVersion = 17.7.34031.279
MinimumVisualStudioVersion = 10.0.40219.1
Project("{FAE04EC0-301F-11D3-BF4B-00C04F79EFBC}") = "Trial", "Trial\Trial.csproj", "{9873F570-0FFA-49D6-8ED9-41D0D7F9A867}"
EndProject
Global
	GlobalSection(SolutionConfigurationPlatforms) = preSolution
		Debug|Any CPU = Debug|Any CPU
		Release|Any CPU = Release|Any CPU
	EndGlobalSection
	GlobalSection(ProjectConfigurationPlatforms) = postSolution
		{9873F570-0FFA-49D6-8ED9-41D0D7F9A867}.Debug|Any CPU.ActiveCfg = Debug|Any CPU
		{9873F570-0FFA-49D6-8ED9-41D0D7F9A867}.Debug|Any CPU.Build.0 = Debug|Any CPU
		{9873F570-0FFA-49D6-8ED9-41D0D7F9A867}.Release|Any CPU.ActiveCfg = Release|Any CPU
		{9873F570-0FFA-49D6-8ED9-41D0D7F9A867}.Release|Any CPU.Build.0 = Release|Any CPU
	EndGlobalSection
	GlobalSection(SolutionProperties) = preSolution
		HideSolutionNode = FALSE
	EndGlobalSection
	GlobalSection(ExtensibilityGlobals) = postSolution
		SolutionGuid = {8CAE8F71-502F-4FCF-8432-A71CA950498E}
	EndGlobalSection
EndGlobal
